// !$*UTF8*$!
{
	archiveVersion = 1;
	classes = {
	};
	objectVersion = 56;
	objects = {

/* Begin PBXBuildFile section */
		240784D82C7AF14B00E06A5E /* CommentViewController.swift in Sources */ = {isa = PBXBuildFile; fileRef = 240784D72C7AF14B00E06A5E /* CommentViewController.swift */; };
		240784DB2C7AF16C00E06A5E /* CommentViewModel.swift in Sources */ = {isa = PBXBuildFile; fileRef = 240784DA2C7AF16C00E06A5E /* CommentViewModel.swift */; };
		240784DD2C7AFE5300E06A5E /* CommentTableViewCell.swift in Sources */ = {isa = PBXBuildFile; fileRef = 240784DC2C7AFE5300E06A5E /* CommentTableViewCell.swift */; };
		240784DF2C7B03B300E06A5E /* CommentQuery.swift in Sources */ = {isa = PBXBuildFile; fileRef = 240784DE2C7B03B300E06A5E /* CommentQuery.swift */; };
		240784E72C7C4DCB00E06A5E /* SearchCollectionViewCell.swift in Sources */ = {isa = PBXBuildFile; fileRef = 240784E62C7C4DCB00E06A5E /* SearchCollectionViewCell.swift */; };
		240784EA2C7C72CA00E06A5E /* LikeEventViewController.swift in Sources */ = {isa = PBXBuildFile; fileRef = 240784E92C7C72CA00E06A5E /* LikeEventViewController.swift */; };
		240784EC2C7C72E300E06A5E /* LikeEventViewModel.swift in Sources */ = {isa = PBXBuildFile; fileRef = 240784EB2C7C72E300E06A5E /* LikeEventViewModel.swift */; };
		240784F12C7C989F00E06A5E /* UserPostViewController.swift in Sources */ = {isa = PBXBuildFile; fileRef = 240784F02C7C989F00E06A5E /* UserPostViewController.swift */; };
		240784F32C7C98A700E06A5E /* UserPostViewModel.swift in Sources */ = {isa = PBXBuildFile; fileRef = 240784F22C7C98A700E06A5E /* UserPostViewModel.swift */; };
		240784F52C7CB61200E06A5E /* LikePostViewController.swift in Sources */ = {isa = PBXBuildFile; fileRef = 240784F42C7CB61200E06A5E /* LikePostViewController.swift */; };
		240784F72C7CB64000E06A5E /* LikePostViewModel.swift in Sources */ = {isa = PBXBuildFile; fileRef = 240784F62C7CB64000E06A5E /* LikePostViewModel.swift */; };
		240E0A922C6C7E8B003A212B /* AppDelegate.swift in Sources */ = {isa = PBXBuildFile; fileRef = 240E0A912C6C7E8B003A212B /* AppDelegate.swift */; };
		240E0A942C6C7E8B003A212B /* SceneDelegate.swift in Sources */ = {isa = PBXBuildFile; fileRef = 240E0A932C6C7E8B003A212B /* SceneDelegate.swift */; };
		240E0A962C6C7E8B003A212B /* TodayViewController.swift in Sources */ = {isa = PBXBuildFile; fileRef = 240E0A952C6C7E8B003A212B /* TodayViewController.swift */; };
		240E0A9B2C6C7E8C003A212B /* Assets.xcassets in Resources */ = {isa = PBXBuildFile; fileRef = 240E0A9A2C6C7E8C003A212B /* Assets.xcassets */; };
		240E0A9E2C6C7E8C003A212B /* Base in Resources */ = {isa = PBXBuildFile; fileRef = 240E0A9D2C6C7E8C003A212B /* Base */; };
		240E0AA62C6C7F69003A212B /* .gitignore in Resources */ = {isa = PBXBuildFile; fileRef = 240E0AA52C6C7F69003A212B /* .gitignore */; };
		240E0AA82C6C7F83003A212B /* APIInfo.swift in Sources */ = {isa = PBXBuildFile; fileRef = 240E0AA72C6C7F83003A212B /* APIInfo.swift */; };
		245D38552C75A3B4006E282D /* SearchViewModel.swift in Sources */ = {isa = PBXBuildFile; fileRef = 245D38542C75A3B4006E282D /* SearchViewModel.swift */; };
		245D38592C75A7CA006E282D /* BaseCollectionViewCell.swift in Sources */ = {isa = PBXBuildFile; fileRef = 245D38582C75A7CA006E282D /* BaseCollectionViewCell.swift */; };
		245D385B2C75B954006E282D /* UICollectionViewLayout+.swift in Sources */ = {isa = PBXBuildFile; fileRef = 245D385A2C75B954006E282D /* UICollectionViewLayout+.swift */; };
		245D385D2C75BA25006E282D /* CategoryCollectionViewCell.swift in Sources */ = {isa = PBXBuildFile; fileRef = 245D385C2C75BA25006E282D /* CategoryCollectionViewCell.swift */; };
		245D385F2C75D7FB006E282D /* SearchCollectionHeaderView.swift in Sources */ = {isa = PBXBuildFile; fileRef = 245D385E2C75D7FB006E282D /* SearchCollectionHeaderView.swift */; };
		245D38622C75E061006E282D /* SearchResultViewController.swift in Sources */ = {isa = PBXBuildFile; fileRef = 245D38612C75E061006E282D /* SearchResultViewController.swift */; };
		245D38642C75E079006E282D /* SearchResultViewModel.swift in Sources */ = {isa = PBXBuildFile; fileRef = 245D38632C75E079006E282D /* SearchResultViewModel.swift */; };
		245D38672C7601EF006E282D /* CultureParameter.swift in Sources */ = {isa = PBXBuildFile; fileRef = 245D38662C7601EF006E282D /* CultureParameter.swift */; };
		245D386C2C76223C006E282D /* MapViewController.swift in Sources */ = {isa = PBXBuildFile; fileRef = 245D386B2C76223C006E282D /* MapViewController.swift */; };
		247A60092C79D01500906909 /* ProfileView.swift in Sources */ = {isa = PBXBuildFile; fileRef = 247A60082C79D01500906909 /* ProfileView.swift */; };
		24AB4BC22C7724C70030558A /* UserInfoView.swift in Sources */ = {isa = PBXBuildFile; fileRef = 24AB4BC12C7724C70030558A /* UserInfoView.swift */; };
		24AB4BC42C7724FA0030558A /* BaseView.swift in Sources */ = {isa = PBXBuildFile; fileRef = 24AB4BC32C7724FA0030558A /* BaseView.swift */; };
		24AB4BC62C7734890030558A /* PostImageModel.swift in Sources */ = {isa = PBXBuildFile; fileRef = 24AB4BC52C7734890030558A /* PostImageModel.swift */; };
		24AB4BC82C7738690030558A /* PostViewModel.swift in Sources */ = {isa = PBXBuildFile; fileRef = 24AB4BC72C7738690030558A /* PostViewModel.swift */; };
		24AB4BCA2C7751D20030558A /* KFParameter.swift in Sources */ = {isa = PBXBuildFile; fileRef = 24AB4BC92C7751D20030558A /* KFParameter.swift */; };
		24AB4BCE2C7753F50030558A /* DetailPostViewController.swift in Sources */ = {isa = PBXBuildFile; fileRef = 24AB4BCD2C7753F50030558A /* DetailPostViewController.swift */; };
		24AB4BD02C77540C0030558A /* DetailPostViewModel.swift in Sources */ = {isa = PBXBuildFile; fileRef = 24AB4BCF2C77540C0030558A /* DetailPostViewModel.swift */; };
		24AB4BD22C775D460030558A /* ImageCollectionViewCell.swift in Sources */ = {isa = PBXBuildFile; fileRef = 24AB4BD12C775D460030558A /* ImageCollectionViewCell.swift */; };
		24AB4BD42C7762DF0030558A /* PostCollectionViewCell.swift in Sources */ = {isa = PBXBuildFile; fileRef = 24AB4BD32C7762DF0030558A /* PostCollectionViewCell.swift */; };
		24AB4BD62C7854750030558A /* LikeModel.swift in Sources */ = {isa = PBXBuildFile; fileRef = 24AB4BD52C7854750030558A /* LikeModel.swift */; };
		24AB4BD92C78732F0030558A /* WriteViewController.swift in Sources */ = {isa = PBXBuildFile; fileRef = 24AB4BD82C78732F0030558A /* WriteViewController.swift */; };
		24AB4BDB2C7873480030558A /* WriteViewModel.swift in Sources */ = {isa = PBXBuildFile; fileRef = 24AB4BDA2C7873480030558A /* WriteViewModel.swift */; };
		24AB4BE32C78B50B0030558A /* IQKeyboardManagerSwift in Frameworks */ = {isa = PBXBuildFile; productRef = 24AB4BE22C78B50B0030558A /* IQKeyboardManagerSwift */; };
		24AB4BE72C78C4610030558A /* Typealias.swift in Sources */ = {isa = PBXBuildFile; fileRef = 24AB4BE62C78C4610030558A /* Typealias.swift */; };
		24B2B63F2C6C948100190BFC /* TabBarController.swift in Sources */ = {isa = PBXBuildFile; fileRef = 24B2B63E2C6C948100190BFC /* TabBarController.swift */; };
		24B2B6412C6C951C00190BFC /* SearchViewController.swift in Sources */ = {isa = PBXBuildFile; fileRef = 24B2B6402C6C951C00190BFC /* SearchViewController.swift */; };
		24B2B6432C6C956700190BFC /* PostViewController.swift in Sources */ = {isa = PBXBuildFile; fileRef = 24B2B6422C6C956700190BFC /* PostViewController.swift */; };
		24B2B6452C6C957300190BFC /* ProfileViewController.swift in Sources */ = {isa = PBXBuildFile; fileRef = 24B2B6442C6C957300190BFC /* ProfileViewController.swift */; };
		24B2B64A2C6CA08200190BFC /* CultureResponse.swift in Sources */ = {isa = PBXBuildFile; fileRef = 24B2B6492C6CA08200190BFC /* CultureResponse.swift */; };
		24B2B64E2C6CA0D500190BFC /* CultureAPIManager.swift in Sources */ = {isa = PBXBuildFile; fileRef = 24B2B64D2C6CA0D500190BFC /* CultureAPIManager.swift */; };
		24B2B6562C6CB05700190BFC /* Date+.swift in Sources */ = {isa = PBXBuildFile; fileRef = 24B2B6552C6CB05700190BFC /* Date+.swift */; };
		24B2B6582C6CB05B00190BFC /* String+.swift in Sources */ = {isa = PBXBuildFile; fileRef = 24B2B6572C6CB05B00190BFC /* String+.swift */; };
		24B2B65A2C6CC5C500190BFC /* Formatter.swift in Sources */ = {isa = PBXBuildFile; fileRef = 24B2B6592C6CC5C500190BFC /* Formatter.swift */; };
		24B2B65D2C6CCA5700190BFC /* SignInViewController.swift in Sources */ = {isa = PBXBuildFile; fileRef = 24B2B65C2C6CCA5700190BFC /* SignInViewController.swift */; };
		24B2B65F2C6CCA7000190BFC /* SignUpViewController.swift in Sources */ = {isa = PBXBuildFile; fileRef = 24B2B65E2C6CCA7000190BFC /* SignUpViewController.swift */; };
		24B2B6622C6CCAA900190BFC /* Kingfisher in Frameworks */ = {isa = PBXBuildFile; productRef = 24B2B6612C6CCAA900190BFC /* Kingfisher */; };
		24B2B6652C6CCAB200190BFC /* Then in Frameworks */ = {isa = PBXBuildFile; productRef = 24B2B6642C6CCAB200190BFC /* Then */; };
		24B2B6682C6CCABE00190BFC /* SnapKit in Frameworks */ = {isa = PBXBuildFile; productRef = 24B2B6672C6CCABE00190BFC /* SnapKit */; };
		24B2B66B2C6CCAD700190BFC /* RxCocoa in Frameworks */ = {isa = PBXBuildFile; productRef = 24B2B66A2C6CCAD700190BFC /* RxCocoa */; };
		24B2B66D2C6CCAD700190BFC /* RxSwift in Frameworks */ = {isa = PBXBuildFile; productRef = 24B2B66C2C6CCAD700190BFC /* RxSwift */; };
		24B2B6732C6CCEF700190BFC /* SignTextField.swift in Sources */ = {isa = PBXBuildFile; fileRef = 24B2B6722C6CCEF700190BFC /* SignTextField.swift */; };
		24B2B6752C6CCF0A00190BFC /* PointButton.swift in Sources */ = {isa = PBXBuildFile; fileRef = 24B2B6742C6CCF0A00190BFC /* PointButton.swift */; };
		24B2B6782C6CCFDF00190BFC /* SignInViewModel.swift in Sources */ = {isa = PBXBuildFile; fileRef = 24B2B6772C6CCFDF00190BFC /* SignInViewModel.swift */; };
		24B2B67A2C6CD01E00190BFC /* ViewModelType.swift in Sources */ = {isa = PBXBuildFile; fileRef = 24B2B6792C6CD01E00190BFC /* ViewModelType.swift */; };
		24B2B67D2C6CD17C00190BFC /* Font.swift in Sources */ = {isa = PBXBuildFile; fileRef = 24B2B67C2C6CD17C00190BFC /* Font.swift */; };
		24B2B67F2C6CD21B00190BFC /* Color.swift in Sources */ = {isa = PBXBuildFile; fileRef = 24B2B67E2C6CD21B00190BFC /* Color.swift */; };
		24B2B6842C6CD50F00190BFC /* Toast in Frameworks */ = {isa = PBXBuildFile; productRef = 24B2B6832C6CD50F00190BFC /* Toast */; };
		24B2B6862C6CD60000190BFC /* SignUpViewModel.swift in Sources */ = {isa = PBXBuildFile; fileRef = 24B2B6852C6CD60000190BFC /* SignUpViewModel.swift */; };
		24B2B6892C6CD6FA00190BFC /* BaseViewController.swift in Sources */ = {isa = PBXBuildFile; fileRef = 24B2B6882C6CD6FA00190BFC /* BaseViewController.swift */; };
		24B2B68E2C6CDD7100190BFC /* LSLPAPIManager.swift in Sources */ = {isa = PBXBuildFile; fileRef = 24B2B68D2C6CDD7100190BFC /* LSLPAPIManager.swift */; };
		24B2B6922C6CDDC800190BFC /* LSLPRouter.swift in Sources */ = {isa = PBXBuildFile; fileRef = 24B2B6912C6CDDC800190BFC /* LSLPRouter.swift */; };
		24B2B6972C6CE0CD00190BFC /* Moya in Frameworks */ = {isa = PBXBuildFile; productRef = 24B2B6962C6CE0CD00190BFC /* Moya */; };
		24B2B6992C6CE0CD00190BFC /* ReactiveMoya in Frameworks */ = {isa = PBXBuildFile; productRef = 24B2B6982C6CE0CD00190BFC /* ReactiveMoya */; };
		24B2B69B2C6CE0CD00190BFC /* RxMoya in Frameworks */ = {isa = PBXBuildFile; productRef = 24B2B69A2C6CE0CD00190BFC /* RxMoya */; };
		24B2B69D2C6CE67F00190BFC /* CultureRouter.swift in Sources */ = {isa = PBXBuildFile; fileRef = 24B2B69C2C6CE67F00190BFC /* CultureRouter.swift */; };
		24B2B6A22C6CEA5C00190BFC /* UserDefaultsManager.swift in Sources */ = {isa = PBXBuildFile; fileRef = 24B2B6A12C6CEA5C00190BFC /* UserDefaultsManager.swift */; };
		24B2B6A52C6CEB9F00190BFC /* LSLPHeader.swift in Sources */ = {isa = PBXBuildFile; fileRef = 24B2B6A42C6CEB9F00190BFC /* LSLPHeader.swift */; };
		24B2B6A82C6DBF0300190BFC /* SignInModel.swift in Sources */ = {isa = PBXBuildFile; fileRef = 24B2B6A72C6DBF0300190BFC /* SignInModel.swift */; };
		24B2B6AD2C6DBF1D00190BFC /* SignInQuery.swift in Sources */ = {isa = PBXBuildFile; fileRef = 24B2B6AC2C6DBF1D00190BFC /* SignInQuery.swift */; };
		24B2B6AF2C6E130600190BFC /* SignUpQuery.swift in Sources */ = {isa = PBXBuildFile; fileRef = 24B2B6AE2C6E130600190BFC /* SignUpQuery.swift */; };
		24B2B6B12C6E14B100190BFC /* SignUpModel.swift in Sources */ = {isa = PBXBuildFile; fileRef = 24B2B6B02C6E14B100190BFC /* SignUpModel.swift */; };
		24B2B6B32C6EEB9200190BFC /* RefreshModel.swift in Sources */ = {isa = PBXBuildFile; fileRef = 24B2B6B22C6EEB9200190BFC /* RefreshModel.swift */; };
		24B2B6B52C6EF33600190BFC /* EditProfileQuery.swift in Sources */ = {isa = PBXBuildFile; fileRef = 24B2B6B42C6EF33600190BFC /* EditProfileQuery.swift */; };
		24B2B6B72C6EF43200190BFC /* ProfileModel.swift in Sources */ = {isa = PBXBuildFile; fileRef = 24B2B6B62C6EF43200190BFC /* ProfileModel.swift */; };
		24B2B6B92C6EF6B700190BFC /* ProfileViewModel.swift in Sources */ = {isa = PBXBuildFile; fileRef = 24B2B6B82C6EF6B700190BFC /* ProfileViewModel.swift */; };
		24B2B6BB2C6EFB4500190BFC /* ProfileImageView.swift in Sources */ = {isa = PBXBuildFile; fileRef = 24B2B6BA2C6EFB4500190BFC /* ProfileImageView.swift */; };
		24B2B6BD2C6EFBF900190BFC /* Image.swift in Sources */ = {isa = PBXBuildFile; fileRef = 24B2B6BC2C6EFBF900190BFC /* Image.swift */; };
		24B2B6C12C6F0F9100190BFC /* ProfileTableViewCell.swift in Sources */ = {isa = PBXBuildFile; fileRef = 24B2B6C02C6F0F9100190BFC /* ProfileTableViewCell.swift */; };
		24B2B6C32C6F0F9F00190BFC /* ReuseIdentifierProtocol.swift in Sources */ = {isa = PBXBuildFile; fileRef = 24B2B6C22C6F0F9F00190BFC /* ReuseIdentifierProtocol.swift */; };
		24B2B6C52C6F107000190BFC /* BaseTableViewCell.swift in Sources */ = {isa = PBXBuildFile; fileRef = 24B2B6C42C6F107000190BFC /* BaseTableViewCell.swift */; };
		24B2B6C82C6F138700190BFC /* Differentiator in Frameworks */ = {isa = PBXBuildFile; productRef = 24B2B6C72C6F138700190BFC /* Differentiator */; };
		24B2B6CA2C6F138700190BFC /* RxDataSources in Frameworks */ = {isa = PBXBuildFile; productRef = 24B2B6C92C6F138700190BFC /* RxDataSources */; };
		24B2B6CC2C6F25AC00190BFC /* EditProfileViewController.swift in Sources */ = {isa = PBXBuildFile; fileRef = 24B2B6CB2C6F25AC00190BFC /* EditProfileViewController.swift */; };
		24B2B6CE2C6F25F600190BFC /* EditProfileViewModel.swift in Sources */ = {isa = PBXBuildFile; fileRef = 24B2B6CD2C6F25F600190BFC /* EditProfileViewModel.swift */; };
		24B2B6D12C6F2C2000190BFC /* Reactive+.swift in Sources */ = {isa = PBXBuildFile; fileRef = 24B2B6D02C6F2C2000190BFC /* Reactive+.swift */; };
		24B3C0D52C721E6E0008B597 /* CulturalEventTableViewCell.swift in Sources */ = {isa = PBXBuildFile; fileRef = 24B3C0D42C721E6E0008B597 /* CulturalEventTableViewCell.swift */; };
		24B3C0D72C7224520008B597 /* TodayViewModel.swift in Sources */ = {isa = PBXBuildFile; fileRef = 24B3C0D62C7224520008B597 /* TodayViewModel.swift */; };
		24B3C0E22C7327280008B597 /* CulturalEventViewController.swift in Sources */ = {isa = PBXBuildFile; fileRef = 24B3C0E12C7327280008B597 /* CulturalEventViewController.swift */; };
		24B3C0E42C7327460008B597 /* CulturalEventViewModel.swift in Sources */ = {isa = PBXBuildFile; fileRef = 24B3C0E32C7327460008B597 /* CulturalEventViewModel.swift */; };
		24B3C0E62C7361A90008B597 /* PostQuery.swift in Sources */ = {isa = PBXBuildFile; fileRef = 24B3C0E52C7361A90008B597 /* PostQuery.swift */; };
		24B3C0E82C73649F0008B597 /* PostModel.swift in Sources */ = {isa = PBXBuildFile; fileRef = 24B3C0E72C73649F0008B597 /* PostModel.swift */; };
		24B3C0EA2C7365920008B597 /* UserModel.swift in Sources */ = {isa = PBXBuildFile; fileRef = 24B3C0E92C7365920008B597 /* UserModel.swift */; };
		24B3C0EC2C73659E0008B597 /* CommentModel.swift in Sources */ = {isa = PBXBuildFile; fileRef = 24B3C0EB2C73659E0008B597 /* CommentModel.swift */; };
		24B3C0EE2C744E000008B597 /* ReservationViewController.swift in Sources */ = {isa = PBXBuildFile; fileRef = 24B3C0ED2C744E000008B597 /* ReservationViewController.swift */; };
		24B3C0F12C744E2F0008B597 /* ReservationViewModel.swift in Sources */ = {isa = PBXBuildFile; fileRef = 24B3C0F02C744E2F0008B597 /* ReservationViewModel.swift */; };
		24B3C0F32C74895C0008B597 /* ProductID.swift in Sources */ = {isa = PBXBuildFile; fileRef = 24B3C0F22C74895C0008B597 /* ProductID.swift */; };
		24B3C0F52C748A100008B597 /* LSLPError.swift in Sources */ = {isa = PBXBuildFile; fileRef = 24B3C0F42C748A100008B597 /* LSLPError.swift */; };
		24B3C0F72C74B5AB0008B597 /* PostFetchQuery.swift in Sources */ = {isa = PBXBuildFile; fileRef = 24B3C0F62C74B5AB0008B597 /* PostFetchQuery.swift */; };
/* End PBXBuildFile section */

/* Begin PBXFileReference section */
		240784D72C7AF14B00E06A5E /* CommentViewController.swift */ = {isa = PBXFileReference; lastKnownFileType = sourcecode.swift; path = CommentViewController.swift; sourceTree = "<group>"; };
		240784DA2C7AF16C00E06A5E /* CommentViewModel.swift */ = {isa = PBXFileReference; lastKnownFileType = sourcecode.swift; path = CommentViewModel.swift; sourceTree = "<group>"; };
		240784DC2C7AFE5300E06A5E /* CommentTableViewCell.swift */ = {isa = PBXFileReference; lastKnownFileType = sourcecode.swift; path = CommentTableViewCell.swift; sourceTree = "<group>"; };
		240784DE2C7B03B300E06A5E /* CommentQuery.swift */ = {isa = PBXFileReference; lastKnownFileType = sourcecode.swift; path = CommentQuery.swift; sourceTree = "<group>"; };
		240784E62C7C4DCB00E06A5E /* SearchCollectionViewCell.swift */ = {isa = PBXFileReference; lastKnownFileType = sourcecode.swift; path = SearchCollectionViewCell.swift; sourceTree = "<group>"; };
		240784E92C7C72CA00E06A5E /* LikeEventViewController.swift */ = {isa = PBXFileReference; lastKnownFileType = sourcecode.swift; path = LikeEventViewController.swift; sourceTree = "<group>"; };
		240784EB2C7C72E300E06A5E /* LikeEventViewModel.swift */ = {isa = PBXFileReference; lastKnownFileType = sourcecode.swift; path = LikeEventViewModel.swift; sourceTree = "<group>"; };
		240784F02C7C989F00E06A5E /* UserPostViewController.swift */ = {isa = PBXFileReference; lastKnownFileType = sourcecode.swift; path = UserPostViewController.swift; sourceTree = "<group>"; };
		240784F22C7C98A700E06A5E /* UserPostViewModel.swift */ = {isa = PBXFileReference; lastKnownFileType = sourcecode.swift; path = UserPostViewModel.swift; sourceTree = "<group>"; };
		240784F42C7CB61200E06A5E /* LikePostViewController.swift */ = {isa = PBXFileReference; lastKnownFileType = sourcecode.swift; path = LikePostViewController.swift; sourceTree = "<group>"; };
		240784F62C7CB64000E06A5E /* LikePostViewModel.swift */ = {isa = PBXFileReference; lastKnownFileType = sourcecode.swift; path = LikePostViewModel.swift; sourceTree = "<group>"; };
		240E0A8E2C6C7E8B003A212B /* SeoulCulturalEvents.app */ = {isa = PBXFileReference; explicitFileType = wrapper.application; includeInIndex = 0; path = SeoulCulturalEvents.app; sourceTree = BUILT_PRODUCTS_DIR; };
		240E0A912C6C7E8B003A212B /* AppDelegate.swift */ = {isa = PBXFileReference; lastKnownFileType = sourcecode.swift; path = AppDelegate.swift; sourceTree = "<group>"; };
		240E0A932C6C7E8B003A212B /* SceneDelegate.swift */ = {isa = PBXFileReference; lastKnownFileType = sourcecode.swift; path = SceneDelegate.swift; sourceTree = "<group>"; };
		240E0A952C6C7E8B003A212B /* TodayViewController.swift */ = {isa = PBXFileReference; lastKnownFileType = sourcecode.swift; path = TodayViewController.swift; sourceTree = "<group>"; };
		240E0A9A2C6C7E8C003A212B /* Assets.xcassets */ = {isa = PBXFileReference; lastKnownFileType = folder.assetcatalog; path = Assets.xcassets; sourceTree = "<group>"; };
		240E0A9D2C6C7E8C003A212B /* Base */ = {isa = PBXFileReference; lastKnownFileType = file.storyboard; name = Base; path = Base.lproj/LaunchScreen.storyboard; sourceTree = "<group>"; };
		240E0A9F2C6C7E8C003A212B /* Info.plist */ = {isa = PBXFileReference; lastKnownFileType = text.plist.xml; path = Info.plist; sourceTree = "<group>"; };
		240E0AA52C6C7F69003A212B /* .gitignore */ = {isa = PBXFileReference; lastKnownFileType = text; path = .gitignore; sourceTree = "<group>"; };
		240E0AA72C6C7F83003A212B /* APIInfo.swift */ = {isa = PBXFileReference; lastKnownFileType = sourcecode.swift; path = APIInfo.swift; sourceTree = "<group>"; };
		245D38542C75A3B4006E282D /* SearchViewModel.swift */ = {isa = PBXFileReference; lastKnownFileType = sourcecode.swift; path = SearchViewModel.swift; sourceTree = "<group>"; };
		245D38582C75A7CA006E282D /* BaseCollectionViewCell.swift */ = {isa = PBXFileReference; lastKnownFileType = sourcecode.swift; path = BaseCollectionViewCell.swift; sourceTree = "<group>"; };
		245D385A2C75B954006E282D /* UICollectionViewLayout+.swift */ = {isa = PBXFileReference; lastKnownFileType = sourcecode.swift; path = "UICollectionViewLayout+.swift"; sourceTree = "<group>"; };
		245D385C2C75BA25006E282D /* CategoryCollectionViewCell.swift */ = {isa = PBXFileReference; lastKnownFileType = sourcecode.swift; path = CategoryCollectionViewCell.swift; sourceTree = "<group>"; };
		245D385E2C75D7FB006E282D /* SearchCollectionHeaderView.swift */ = {isa = PBXFileReference; lastKnownFileType = sourcecode.swift; path = SearchCollectionHeaderView.swift; sourceTree = "<group>"; };
		245D38612C75E061006E282D /* SearchResultViewController.swift */ = {isa = PBXFileReference; lastKnownFileType = sourcecode.swift; path = SearchResultViewController.swift; sourceTree = "<group>"; };
		245D38632C75E079006E282D /* SearchResultViewModel.swift */ = {isa = PBXFileReference; lastKnownFileType = sourcecode.swift; path = SearchResultViewModel.swift; sourceTree = "<group>"; };
		245D38662C7601EF006E282D /* CultureParameter.swift */ = {isa = PBXFileReference; lastKnownFileType = sourcecode.swift; path = CultureParameter.swift; sourceTree = "<group>"; };
		245D386B2C76223C006E282D /* MapViewController.swift */ = {isa = PBXFileReference; lastKnownFileType = sourcecode.swift; path = MapViewController.swift; sourceTree = "<group>"; };
		247A60082C79D01500906909 /* ProfileView.swift */ = {isa = PBXFileReference; lastKnownFileType = sourcecode.swift; path = ProfileView.swift; sourceTree = "<group>"; };
		24AB4BC12C7724C70030558A /* UserInfoView.swift */ = {isa = PBXFileReference; lastKnownFileType = sourcecode.swift; path = UserInfoView.swift; sourceTree = "<group>"; };
		24AB4BC32C7724FA0030558A /* BaseView.swift */ = {isa = PBXFileReference; lastKnownFileType = sourcecode.swift; path = BaseView.swift; sourceTree = "<group>"; };
		24AB4BC52C7734890030558A /* PostImageModel.swift */ = {isa = PBXFileReference; lastKnownFileType = sourcecode.swift; path = PostImageModel.swift; sourceTree = "<group>"; };
		24AB4BC72C7738690030558A /* PostViewModel.swift */ = {isa = PBXFileReference; lastKnownFileType = sourcecode.swift; path = PostViewModel.swift; sourceTree = "<group>"; };
		24AB4BC92C7751D20030558A /* KFParameter.swift */ = {isa = PBXFileReference; lastKnownFileType = sourcecode.swift; path = KFParameter.swift; sourceTree = "<group>"; };
		24AB4BCD2C7753F50030558A /* DetailPostViewController.swift */ = {isa = PBXFileReference; lastKnownFileType = sourcecode.swift; path = DetailPostViewController.swift; sourceTree = "<group>"; };
		24AB4BCF2C77540C0030558A /* DetailPostViewModel.swift */ = {isa = PBXFileReference; lastKnownFileType = sourcecode.swift; path = DetailPostViewModel.swift; sourceTree = "<group>"; };
		24AB4BD12C775D460030558A /* ImageCollectionViewCell.swift */ = {isa = PBXFileReference; lastKnownFileType = sourcecode.swift; path = ImageCollectionViewCell.swift; sourceTree = "<group>"; };
		24AB4BD32C7762DF0030558A /* PostCollectionViewCell.swift */ = {isa = PBXFileReference; lastKnownFileType = sourcecode.swift; path = PostCollectionViewCell.swift; sourceTree = "<group>"; };
		24AB4BD52C7854750030558A /* LikeModel.swift */ = {isa = PBXFileReference; lastKnownFileType = sourcecode.swift; path = LikeModel.swift; sourceTree = "<group>"; };
		24AB4BD82C78732F0030558A /* WriteViewController.swift */ = {isa = PBXFileReference; lastKnownFileType = sourcecode.swift; path = WriteViewController.swift; sourceTree = "<group>"; };
		24AB4BDA2C7873480030558A /* WriteViewModel.swift */ = {isa = PBXFileReference; lastKnownFileType = sourcecode.swift; path = WriteViewModel.swift; sourceTree = "<group>"; };
		24AB4BE62C78C4610030558A /* Typealias.swift */ = {isa = PBXFileReference; lastKnownFileType = sourcecode.swift; path = Typealias.swift; sourceTree = "<group>"; };
		24B2B63E2C6C948100190BFC /* TabBarController.swift */ = {isa = PBXFileReference; lastKnownFileType = sourcecode.swift; path = TabBarController.swift; sourceTree = "<group>"; };
		24B2B6402C6C951C00190BFC /* SearchViewController.swift */ = {isa = PBXFileReference; lastKnownFileType = sourcecode.swift; path = SearchViewController.swift; sourceTree = "<group>"; };
		24B2B6422C6C956700190BFC /* PostViewController.swift */ = {isa = PBXFileReference; lastKnownFileType = sourcecode.swift; path = PostViewController.swift; sourceTree = "<group>"; };
		24B2B6442C6C957300190BFC /* ProfileViewController.swift */ = {isa = PBXFileReference; lastKnownFileType = sourcecode.swift; path = ProfileViewController.swift; sourceTree = "<group>"; };
		24B2B6492C6CA08200190BFC /* CultureResponse.swift */ = {isa = PBXFileReference; lastKnownFileType = sourcecode.swift; path = CultureResponse.swift; sourceTree = "<group>"; };
		24B2B64D2C6CA0D500190BFC /* CultureAPIManager.swift */ = {isa = PBXFileReference; lastKnownFileType = sourcecode.swift; path = CultureAPIManager.swift; sourceTree = "<group>"; };
		24B2B6552C6CB05700190BFC /* Date+.swift */ = {isa = PBXFileReference; lastKnownFileType = sourcecode.swift; path = "Date+.swift"; sourceTree = "<group>"; };
		24B2B6572C6CB05B00190BFC /* String+.swift */ = {isa = PBXFileReference; lastKnownFileType = sourcecode.swift; path = "String+.swift"; sourceTree = "<group>"; };
		24B2B6592C6CC5C500190BFC /* Formatter.swift */ = {isa = PBXFileReference; lastKnownFileType = sourcecode.swift; path = Formatter.swift; sourceTree = "<group>"; };
		24B2B65C2C6CCA5700190BFC /* SignInViewController.swift */ = {isa = PBXFileReference; lastKnownFileType = sourcecode.swift; path = SignInViewController.swift; sourceTree = "<group>"; };
		24B2B65E2C6CCA7000190BFC /* SignUpViewController.swift */ = {isa = PBXFileReference; lastKnownFileType = sourcecode.swift; path = SignUpViewController.swift; sourceTree = "<group>"; };
		24B2B6722C6CCEF700190BFC /* SignTextField.swift */ = {isa = PBXFileReference; lastKnownFileType = sourcecode.swift; path = SignTextField.swift; sourceTree = "<group>"; };
		24B2B6742C6CCF0A00190BFC /* PointButton.swift */ = {isa = PBXFileReference; lastKnownFileType = sourcecode.swift; path = PointButton.swift; sourceTree = "<group>"; };
		24B2B6772C6CCFDF00190BFC /* SignInViewModel.swift */ = {isa = PBXFileReference; lastKnownFileType = sourcecode.swift; path = SignInViewModel.swift; sourceTree = "<group>"; };
		24B2B6792C6CD01E00190BFC /* ViewModelType.swift */ = {isa = PBXFileReference; lastKnownFileType = sourcecode.swift; path = ViewModelType.swift; sourceTree = "<group>"; };
		24B2B67C2C6CD17C00190BFC /* Font.swift */ = {isa = PBXFileReference; lastKnownFileType = sourcecode.swift; path = Font.swift; sourceTree = "<group>"; };
		24B2B67E2C6CD21B00190BFC /* Color.swift */ = {isa = PBXFileReference; lastKnownFileType = sourcecode.swift; path = Color.swift; sourceTree = "<group>"; };
		24B2B6852C6CD60000190BFC /* SignUpViewModel.swift */ = {isa = PBXFileReference; lastKnownFileType = sourcecode.swift; path = SignUpViewModel.swift; sourceTree = "<group>"; };
		24B2B6882C6CD6FA00190BFC /* BaseViewController.swift */ = {isa = PBXFileReference; lastKnownFileType = sourcecode.swift; path = BaseViewController.swift; sourceTree = "<group>"; };
		24B2B68D2C6CDD7100190BFC /* LSLPAPIManager.swift */ = {isa = PBXFileReference; lastKnownFileType = sourcecode.swift; path = LSLPAPIManager.swift; sourceTree = "<group>"; };
		24B2B6912C6CDDC800190BFC /* LSLPRouter.swift */ = {isa = PBXFileReference; lastKnownFileType = sourcecode.swift; path = LSLPRouter.swift; sourceTree = "<group>"; };
		24B2B69C2C6CE67F00190BFC /* CultureRouter.swift */ = {isa = PBXFileReference; lastKnownFileType = sourcecode.swift; path = CultureRouter.swift; sourceTree = "<group>"; };
		24B2B6A12C6CEA5C00190BFC /* UserDefaultsManager.swift */ = {isa = PBXFileReference; lastKnownFileType = sourcecode.swift; path = UserDefaultsManager.swift; sourceTree = "<group>"; };
		24B2B6A42C6CEB9F00190BFC /* LSLPHeader.swift */ = {isa = PBXFileReference; lastKnownFileType = sourcecode.swift; path = LSLPHeader.swift; sourceTree = "<group>"; };
		24B2B6A72C6DBF0300190BFC /* SignInModel.swift */ = {isa = PBXFileReference; lastKnownFileType = sourcecode.swift; path = SignInModel.swift; sourceTree = "<group>"; };
		24B2B6AC2C6DBF1D00190BFC /* SignInQuery.swift */ = {isa = PBXFileReference; lastKnownFileType = sourcecode.swift; path = SignInQuery.swift; sourceTree = "<group>"; };
		24B2B6AE2C6E130600190BFC /* SignUpQuery.swift */ = {isa = PBXFileReference; lastKnownFileType = sourcecode.swift; path = SignUpQuery.swift; sourceTree = "<group>"; };
		24B2B6B02C6E14B100190BFC /* SignUpModel.swift */ = {isa = PBXFileReference; lastKnownFileType = sourcecode.swift; path = SignUpModel.swift; sourceTree = "<group>"; };
		24B2B6B22C6EEB9200190BFC /* RefreshModel.swift */ = {isa = PBXFileReference; lastKnownFileType = sourcecode.swift; path = RefreshModel.swift; sourceTree = "<group>"; };
		24B2B6B42C6EF33600190BFC /* EditProfileQuery.swift */ = {isa = PBXFileReference; lastKnownFileType = sourcecode.swift; path = EditProfileQuery.swift; sourceTree = "<group>"; };
		24B2B6B62C6EF43200190BFC /* ProfileModel.swift */ = {isa = PBXFileReference; lastKnownFileType = sourcecode.swift; path = ProfileModel.swift; sourceTree = "<group>"; };
		24B2B6B82C6EF6B700190BFC /* ProfileViewModel.swift */ = {isa = PBXFileReference; lastKnownFileType = sourcecode.swift; path = ProfileViewModel.swift; sourceTree = "<group>"; };
		24B2B6BA2C6EFB4500190BFC /* ProfileImageView.swift */ = {isa = PBXFileReference; lastKnownFileType = sourcecode.swift; path = ProfileImageView.swift; sourceTree = "<group>"; };
		24B2B6BC2C6EFBF900190BFC /* Image.swift */ = {isa = PBXFileReference; lastKnownFileType = sourcecode.swift; path = Image.swift; sourceTree = "<group>"; };
		24B2B6C02C6F0F9100190BFC /* ProfileTableViewCell.swift */ = {isa = PBXFileReference; lastKnownFileType = sourcecode.swift; path = ProfileTableViewCell.swift; sourceTree = "<group>"; };
		24B2B6C22C6F0F9F00190BFC /* ReuseIdentifierProtocol.swift */ = {isa = PBXFileReference; lastKnownFileType = sourcecode.swift; path = ReuseIdentifierProtocol.swift; sourceTree = "<group>"; };
		24B2B6C42C6F107000190BFC /* BaseTableViewCell.swift */ = {isa = PBXFileReference; lastKnownFileType = sourcecode.swift; path = BaseTableViewCell.swift; sourceTree = "<group>"; };
		24B2B6CB2C6F25AC00190BFC /* EditProfileViewController.swift */ = {isa = PBXFileReference; lastKnownFileType = sourcecode.swift; path = EditProfileViewController.swift; sourceTree = "<group>"; };
		24B2B6CD2C6F25F600190BFC /* EditProfileViewModel.swift */ = {isa = PBXFileReference; lastKnownFileType = sourcecode.swift; path = EditProfileViewModel.swift; sourceTree = "<group>"; };
		24B2B6D02C6F2C2000190BFC /* Reactive+.swift */ = {isa = PBXFileReference; lastKnownFileType = sourcecode.swift; path = "Reactive+.swift"; sourceTree = "<group>"; };
		24B3C0D42C721E6E0008B597 /* CulturalEventTableViewCell.swift */ = {isa = PBXFileReference; lastKnownFileType = sourcecode.swift; path = CulturalEventTableViewCell.swift; sourceTree = "<group>"; };
		24B3C0D62C7224520008B597 /* TodayViewModel.swift */ = {isa = PBXFileReference; lastKnownFileType = sourcecode.swift; path = TodayViewModel.swift; sourceTree = "<group>"; };
		24B3C0E12C7327280008B597 /* CulturalEventViewController.swift */ = {isa = PBXFileReference; lastKnownFileType = sourcecode.swift; path = CulturalEventViewController.swift; sourceTree = "<group>"; };
		24B3C0E32C7327460008B597 /* CulturalEventViewModel.swift */ = {isa = PBXFileReference; lastKnownFileType = sourcecode.swift; path = CulturalEventViewModel.swift; sourceTree = "<group>"; };
		24B3C0E52C7361A90008B597 /* PostQuery.swift */ = {isa = PBXFileReference; lastKnownFileType = sourcecode.swift; path = PostQuery.swift; sourceTree = "<group>"; };
		24B3C0E72C73649F0008B597 /* PostModel.swift */ = {isa = PBXFileReference; lastKnownFileType = sourcecode.swift; path = PostModel.swift; sourceTree = "<group>"; };
		24B3C0E92C7365920008B597 /* UserModel.swift */ = {isa = PBXFileReference; lastKnownFileType = sourcecode.swift; path = UserModel.swift; sourceTree = "<group>"; };
		24B3C0EB2C73659E0008B597 /* CommentModel.swift */ = {isa = PBXFileReference; lastKnownFileType = sourcecode.swift; path = CommentModel.swift; sourceTree = "<group>"; };
		24B3C0ED2C744E000008B597 /* ReservationViewController.swift */ = {isa = PBXFileReference; lastKnownFileType = sourcecode.swift; path = ReservationViewController.swift; sourceTree = "<group>"; };
		24B3C0F02C744E2F0008B597 /* ReservationViewModel.swift */ = {isa = PBXFileReference; lastKnownFileType = sourcecode.swift; path = ReservationViewModel.swift; sourceTree = "<group>"; };
		24B3C0F22C74895C0008B597 /* ProductID.swift */ = {isa = PBXFileReference; lastKnownFileType = sourcecode.swift; path = ProductID.swift; sourceTree = "<group>"; };
		24B3C0F42C748A100008B597 /* LSLPError.swift */ = {isa = PBXFileReference; lastKnownFileType = sourcecode.swift; path = LSLPError.swift; sourceTree = "<group>"; };
		24B3C0F62C74B5AB0008B597 /* PostFetchQuery.swift */ = {isa = PBXFileReference; lastKnownFileType = sourcecode.swift; path = PostFetchQuery.swift; sourceTree = "<group>"; };
/* End PBXFileReference section */

/* Begin PBXFrameworksBuildPhase section */
		240E0A8B2C6C7E8B003A212B /* Frameworks */ = {
			isa = PBXFrameworksBuildPhase;
			buildActionMask = 2147483647;
			files = (
				24B2B6682C6CCABE00190BFC /* SnapKit in Frameworks */,
				24B2B6622C6CCAA900190BFC /* Kingfisher in Frameworks */,
				24B2B66D2C6CCAD700190BFC /* RxSwift in Frameworks */,
				24B2B66B2C6CCAD700190BFC /* RxCocoa in Frameworks */,
				24B2B6842C6CD50F00190BFC /* Toast in Frameworks */,
				24AB4BE32C78B50B0030558A /* IQKeyboardManagerSwift in Frameworks */,
				24B2B6CA2C6F138700190BFC /* RxDataSources in Frameworks */,
				24B2B6992C6CE0CD00190BFC /* ReactiveMoya in Frameworks */,
				24B2B6C82C6F138700190BFC /* Differentiator in Frameworks */,
				24B2B69B2C6CE0CD00190BFC /* RxMoya in Frameworks */,
				24B2B6972C6CE0CD00190BFC /* Moya in Frameworks */,
				24B2B6652C6CCAB200190BFC /* Then in Frameworks */,
			);
			runOnlyForDeploymentPostprocessing = 0;
		};
/* End PBXFrameworksBuildPhase section */

/* Begin PBXGroup section */
		240784D92C7AF15200E06A5E /* Comment */ = {
			isa = PBXGroup;
			children = (
				240784D72C7AF14B00E06A5E /* CommentViewController.swift */,
				240784DA2C7AF16C00E06A5E /* CommentViewModel.swift */,
			);
			path = Comment;
			sourceTree = "<group>";
		};
		240784E82C7C72AB00E06A5E /* UserStorage */ = {
			isa = PBXGroup;
			children = (
				240784ED2C7C78BB00E06A5E /* LikeEvent */,
				240784EF2C7C987200E06A5E /* LikePost */,
				240784EE2C7C987000E06A5E /* UserPost */,
			);
			path = UserStorage;
			sourceTree = "<group>";
		};
		240784ED2C7C78BB00E06A5E /* LikeEvent */ = {
			isa = PBXGroup;
			children = (
				240784E92C7C72CA00E06A5E /* LikeEventViewController.swift */,
				240784EB2C7C72E300E06A5E /* LikeEventViewModel.swift */,
			);
			path = LikeEvent;
			sourceTree = "<group>";
		};
		240784EE2C7C987000E06A5E /* UserPost */ = {
			isa = PBXGroup;
			children = (
				240784F02C7C989F00E06A5E /* UserPostViewController.swift */,
				240784F22C7C98A700E06A5E /* UserPostViewModel.swift */,
			);
			path = UserPost;
			sourceTree = "<group>";
		};
		240784EF2C7C987200E06A5E /* LikePost */ = {
			isa = PBXGroup;
			children = (
				240784F42C7CB61200E06A5E /* LikePostViewController.swift */,
				240784F62C7CB64000E06A5E /* LikePostViewModel.swift */,
			);
			path = LikePost;
			sourceTree = "<group>";
		};
		240E0A852C6C7E8B003A212B = {
			isa = PBXGroup;
			children = (
				240E0AA52C6C7F69003A212B /* .gitignore */,
				240E0A902C6C7E8B003A212B /* SeoulCulturalEvents */,
				240E0A8F2C6C7E8B003A212B /* Products */,
			);
			sourceTree = "<group>";
		};
		240E0A8F2C6C7E8B003A212B /* Products */ = {
			isa = PBXGroup;
			children = (
				240E0A8E2C6C7E8B003A212B /* SeoulCulturalEvents.app */,
			);
			name = Products;
			sourceTree = "<group>";
		};
		240E0A902C6C7E8B003A212B /* SeoulCulturalEvents */ = {
			isa = PBXGroup;
			children = (
				24B2B6482C6C971800190BFC /* Resource */,
				24B2B6472C6C970F00190BFC /* Source */,
				240E0A9F2C6C7E8C003A212B /* Info.plist */,
			);
			path = SeoulCulturalEvents;
			sourceTree = "<group>";
		};
		245D38602C75E058006E282D /* Result */ = {
			isa = PBXGroup;
			children = (
				245D38612C75E061006E282D /* SearchResultViewController.swift */,
				245D38632C75E079006E282D /* SearchResultViewModel.swift */,
			);
			path = Result;
			sourceTree = "<group>";
		};
		245D38652C7601E2006E282D /* RequestModel */ = {
			isa = PBXGroup;
			children = (
				245D38662C7601EF006E282D /* CultureParameter.swift */,
			);
			path = RequestModel;
			sourceTree = "<group>";
		};
		245D38682C7601FE006E282D /* ResponseModel */ = {
			isa = PBXGroup;
			children = (
				24B2B6492C6CA08200190BFC /* CultureResponse.swift */,
			);
			path = ResponseModel;
			sourceTree = "<group>";
		};
		245D38692C761361006E282D /* Cell */ = {
			isa = PBXGroup;
			children = (
				24B3C0D42C721E6E0008B597 /* CulturalEventTableViewCell.swift */,
				245D385E2C75D7FB006E282D /* SearchCollectionHeaderView.swift */,
				240784E62C7C4DCB00E06A5E /* SearchCollectionViewCell.swift */,
				245D385C2C75BA25006E282D /* CategoryCollectionViewCell.swift */,
				24B2B6C02C6F0F9100190BFC /* ProfileTableViewCell.swift */,
				24AB4BD32C7762DF0030558A /* PostCollectionViewCell.swift */,
				24AB4BD12C775D460030558A /* ImageCollectionViewCell.swift */,
				240784DC2C7AFE5300E06A5E /* CommentTableViewCell.swift */,
			);
			path = Cell;
			sourceTree = "<group>";
		};
		245D386A2C7621E3006E282D /* Map */ = {
			isa = PBXGroup;
			children = (
				245D386B2C76223C006E282D /* MapViewController.swift */,
			);
			path = Map;
			sourceTree = "<group>";
		};
		24AB4BCC2C7753DB0030558A /* Detail */ = {
			isa = PBXGroup;
			children = (
				24AB4BCD2C7753F50030558A /* DetailPostViewController.swift */,
				24AB4BCF2C77540C0030558A /* DetailPostViewModel.swift */,
				240784D92C7AF15200E06A5E /* Comment */,
			);
			path = Detail;
			sourceTree = "<group>";
		};
		24AB4BD72C7873240030558A /* Write */ = {
			isa = PBXGroup;
			children = (
				24AB4BD82C78732F0030558A /* WriteViewController.swift */,
				24AB4BDA2C7873480030558A /* WriteViewModel.swift */,
			);
			path = Write;
			sourceTree = "<group>";
		};
		24B2B6462C6C96FE00190BFC /* Scenes */ = {
			isa = PBXGroup;
			children = (
				245D38692C761361006E282D /* Cell */,
				24B2B65B2C6CCA3D00190BFC /* Sign */,
				24B2B6532C6CAA5E00190BFC /* Tab */,
			);
			path = Scenes;
			sourceTree = "<group>";
		};
		24B2B6472C6C970F00190BFC /* Source */ = {
			isa = PBXGroup;
			children = (
				24B2B64C2C6CA0B900190BFC /* Network */,
				24B2B6A32C6CEA7100190BFC /* Manager */,
				24B2B68A2C6CD76800190BFC /* Base */,
				24B2B6712C6CCEF200190BFC /* CustomView */,
				24B2B6462C6C96FE00190BFC /* Scenes */,
			);
			path = Source;
			sourceTree = "<group>";
		};
		24B2B6482C6C971800190BFC /* Resource */ = {
			isa = PBXGroup;
			children = (
				240E0AA72C6C7F83003A212B /* APIInfo.swift */,
				240E0A912C6C7E8B003A212B /* AppDelegate.swift */,
				240E0A932C6C7E8B003A212B /* SceneDelegate.swift */,
				240E0A9A2C6C7E8C003A212B /* Assets.xcassets */,
				240E0A9C2C6C7E8C003A212B /* LaunchScreen.storyboard */,
				24AB4BE62C78C4610030558A /* Typealias.swift */,
				24B2B67B2C6CD17600190BFC /* Design */,
				24B2B6812C6CD2B800190BFC /* Enum */,
				24B2B6802C6CD2B000190BFC /* Protocol */,
				24B2B6542C6CB04500190BFC /* Extension */,
			);
			path = Resource;
			sourceTree = "<group>";
		};
		24B2B64C2C6CA0B900190BFC /* Network */ = {
			isa = PBXGroup;
			children = (
				24B2B69E2C6CE95A00190BFC /* Culture */,
				24B2B6A02C6CE96800190BFC /* LSLP */,
			);
			path = Network;
			sourceTree = "<group>";
		};
		24B2B64F2C6CAA3B00190BFC /* Today */ = {
			isa = PBXGroup;
			children = (
				240E0A952C6C7E8B003A212B /* TodayViewController.swift */,
				24B3C0D62C7224520008B597 /* TodayViewModel.swift */,
				24B3C0E02C7327070008B597 /* Detail */,
			);
			path = Today;
			sourceTree = "<group>";
		};
		24B2B6502C6CAA4200190BFC /* Search */ = {
			isa = PBXGroup;
			children = (
				24B2B6402C6C951C00190BFC /* SearchViewController.swift */,
				245D38542C75A3B4006E282D /* SearchViewModel.swift */,
				245D38602C75E058006E282D /* Result */,
			);
			path = Search;
			sourceTree = "<group>";
		};
		24B2B6512C6CAA4D00190BFC /* Post */ = {
			isa = PBXGroup;
			children = (
				24B2B6422C6C956700190BFC /* PostViewController.swift */,
				24AB4BC72C7738690030558A /* PostViewModel.swift */,
				24AB4BD72C7873240030558A /* Write */,
				24AB4BCC2C7753DB0030558A /* Detail */,
			);
			path = Post;
			sourceTree = "<group>";
		};
		24B2B6522C6CAA5700190BFC /* Profile */ = {
			isa = PBXGroup;
			children = (
				24B2B6442C6C957300190BFC /* ProfileViewController.swift */,
				24B2B6B82C6EF6B700190BFC /* ProfileViewModel.swift */,
				24B2B6CF2C6F264700190BFC /* Edit */,
			);
			path = Profile;
			sourceTree = "<group>";
		};
		24B2B6532C6CAA5E00190BFC /* Tab */ = {
			isa = PBXGroup;
			children = (
				24B2B63E2C6C948100190BFC /* TabBarController.swift */,
				24B2B64F2C6CAA3B00190BFC /* Today */,
				24B2B6502C6CAA4200190BFC /* Search */,
				24B2B6512C6CAA4D00190BFC /* Post */,
				24B2B6522C6CAA5700190BFC /* Profile */,
				240784E82C7C72AB00E06A5E /* UserStorage */,
			);
			path = Tab;
			sourceTree = "<group>";
		};
		24B2B6542C6CB04500190BFC /* Extension */ = {
			isa = PBXGroup;
			children = (
				24B2B6552C6CB05700190BFC /* Date+.swift */,
				24B2B6572C6CB05B00190BFC /* String+.swift */,
				24B2B6D02C6F2C2000190BFC /* Reactive+.swift */,
				245D385A2C75B954006E282D /* UICollectionViewLayout+.swift */,
			);
			path = Extension;
			sourceTree = "<group>";
		};
		24B2B65B2C6CCA3D00190BFC /* Sign */ = {
			isa = PBXGroup;
			children = (
				24B2B6762C6CCFD000190BFC /* SignIn */,
				24B2B6872C6CD60300190BFC /* SignUp */,
			);
			path = Sign;
			sourceTree = "<group>";
		};
		24B2B6712C6CCEF200190BFC /* CustomView */ = {
			isa = PBXGroup;
			children = (
				24B2B6722C6CCEF700190BFC /* SignTextField.swift */,
				24B2B6742C6CCF0A00190BFC /* PointButton.swift */,
				24B2B6BA2C6EFB4500190BFC /* ProfileImageView.swift */,
				24AB4BC12C7724C70030558A /* UserInfoView.swift */,
				247A60082C79D01500906909 /* ProfileView.swift */,
			);
			path = CustomView;
			sourceTree = "<group>";
		};
		24B2B6762C6CCFD000190BFC /* SignIn */ = {
			isa = PBXGroup;
			children = (
				24B2B65C2C6CCA5700190BFC /* SignInViewController.swift */,
				24B2B6772C6CCFDF00190BFC /* SignInViewModel.swift */,
			);
			path = SignIn;
			sourceTree = "<group>";
		};
		24B2B67B2C6CD17600190BFC /* Design */ = {
			isa = PBXGroup;
			children = (
				24B2B67C2C6CD17C00190BFC /* Font.swift */,
				24B2B67E2C6CD21B00190BFC /* Color.swift */,
				24B2B6BC2C6EFBF900190BFC /* Image.swift */,
			);
			path = Design;
			sourceTree = "<group>";
		};
		24B2B6802C6CD2B000190BFC /* Protocol */ = {
			isa = PBXGroup;
			children = (
				24B2B6792C6CD01E00190BFC /* ViewModelType.swift */,
				24B2B6C22C6F0F9F00190BFC /* ReuseIdentifierProtocol.swift */,
			);
			path = Protocol;
			sourceTree = "<group>";
		};
		24B2B6812C6CD2B800190BFC /* Enum */ = {
			isa = PBXGroup;
			children = (
				24B2B6592C6CC5C500190BFC /* Formatter.swift */,
				24B3C0F22C74895C0008B597 /* ProductID.swift */,
			);
			path = Enum;
			sourceTree = "<group>";
		};
		24B2B6872C6CD60300190BFC /* SignUp */ = {
			isa = PBXGroup;
			children = (
				24B2B65E2C6CCA7000190BFC /* SignUpViewController.swift */,
				24B2B6852C6CD60000190BFC /* SignUpViewModel.swift */,
			);
			path = SignUp;
			sourceTree = "<group>";
		};
		24B2B68A2C6CD76800190BFC /* Base */ = {
			isa = PBXGroup;
			children = (
				24B2B6882C6CD6FA00190BFC /* BaseViewController.swift */,
				24B2B6C42C6F107000190BFC /* BaseTableViewCell.swift */,
				245D38582C75A7CA006E282D /* BaseCollectionViewCell.swift */,
				24AB4BC32C7724FA0030558A /* BaseView.swift */,
			);
			path = Base;
			sourceTree = "<group>";
		};
		24B2B69E2C6CE95A00190BFC /* Culture */ = {
			isa = PBXGroup;
			children = (
				245D38652C7601E2006E282D /* RequestModel */,
				245D38682C7601FE006E282D /* ResponseModel */,
				24B2B69C2C6CE67F00190BFC /* CultureRouter.swift */,
				24B2B64D2C6CA0D500190BFC /* CultureAPIManager.swift */,
			);
			path = Culture;
			sourceTree = "<group>";
		};
		24B2B6A02C6CE96800190BFC /* LSLP */ = {
			isa = PBXGroup;
			children = (
				24B2B6AB2C6DBF1600190BFC /* RequestModel */,
				24B2B6A62C6DBEF000190BFC /* ResponseModel */,
				24B2B6A42C6CEB9F00190BFC /* LSLPHeader.swift */,
				24B3C0F42C748A100008B597 /* LSLPError.swift */,
				24B2B6912C6CDDC800190BFC /* LSLPRouter.swift */,
				24B2B68D2C6CDD7100190BFC /* LSLPAPIManager.swift */,
			);
			path = LSLP;
			sourceTree = "<group>";
		};
		24B2B6A32C6CEA7100190BFC /* Manager */ = {
			isa = PBXGroup;
			children = (
				24B2B6A12C6CEA5C00190BFC /* UserDefaultsManager.swift */,
			);
			path = Manager;
			sourceTree = "<group>";
		};
		24B2B6A62C6DBEF000190BFC /* ResponseModel */ = {
			isa = PBXGroup;
			children = (
				24B2B6A72C6DBF0300190BFC /* SignInModel.swift */,
				24B2B6B02C6E14B100190BFC /* SignUpModel.swift */,
				24B2B6B22C6EEB9200190BFC /* RefreshModel.swift */,
				24B2B6B62C6EF43200190BFC /* ProfileModel.swift */,
				24B3C0E92C7365920008B597 /* UserModel.swift */,
				24B3C0E72C73649F0008B597 /* PostModel.swift */,
				24AB4BC52C7734890030558A /* PostImageModel.swift */,
				24B3C0EB2C73659E0008B597 /* CommentModel.swift */,
			);
			path = ResponseModel;
			sourceTree = "<group>";
		};
		24B2B6AB2C6DBF1600190BFC /* RequestModel */ = {
			isa = PBXGroup;
			children = (
				24B2B6AC2C6DBF1D00190BFC /* SignInQuery.swift */,
				24B2B6AE2C6E130600190BFC /* SignUpQuery.swift */,
				24B2B6B42C6EF33600190BFC /* EditProfileQuery.swift */,
				24B3C0F62C74B5AB0008B597 /* PostFetchQuery.swift */,
				24B3C0E52C7361A90008B597 /* PostQuery.swift */,
				24AB4BC92C7751D20030558A /* KFParameter.swift */,
				24AB4BD52C7854750030558A /* LikeModel.swift */,
				240784DE2C7B03B300E06A5E /* CommentQuery.swift */,
			);
			path = RequestModel;
			sourceTree = "<group>";
		};
		24B2B6CF2C6F264700190BFC /* Edit */ = {
			isa = PBXGroup;
			children = (
				24B2B6CB2C6F25AC00190BFC /* EditProfileViewController.swift */,
				24B2B6CD2C6F25F600190BFC /* EditProfileViewModel.swift */,
			);
			path = Edit;
			sourceTree = "<group>";
		};
		24B3C0E02C7327070008B597 /* Detail */ = {
			isa = PBXGroup;
			children = (
				24B3C0E12C7327280008B597 /* CulturalEventViewController.swift */,
				24B3C0E32C7327460008B597 /* CulturalEventViewModel.swift */,
				245D386A2C7621E3006E282D /* Map */,
				24B3C0EF2C744E070008B597 /* Reservation */,
			);
			path = Detail;
			sourceTree = "<group>";
		};
		24B3C0EF2C744E070008B597 /* Reservation */ = {
			isa = PBXGroup;
			children = (
				24B3C0ED2C744E000008B597 /* ReservationViewController.swift */,
				24B3C0F02C744E2F0008B597 /* ReservationViewModel.swift */,
			);
			path = Reservation;
			sourceTree = "<group>";
		};
/* End PBXGroup section */

/* Begin PBXNativeTarget section */
		240E0A8D2C6C7E8B003A212B /* SeoulCulturalEvents */ = {
			isa = PBXNativeTarget;
			buildConfigurationList = 240E0AA22C6C7E8C003A212B /* Build configuration list for PBXNativeTarget "SeoulCulturalEvents" */;
			buildPhases = (
				240E0A8A2C6C7E8B003A212B /* Sources */,
				240E0A8B2C6C7E8B003A212B /* Frameworks */,
				240E0A8C2C6C7E8B003A212B /* Resources */,
			);
			buildRules = (
			);
			dependencies = (
			);
			name = SeoulCulturalEvents;
			packageProductDependencies = (
				24B2B6612C6CCAA900190BFC /* Kingfisher */,
				24B2B6642C6CCAB200190BFC /* Then */,
				24B2B6672C6CCABE00190BFC /* SnapKit */,
				24B2B66A2C6CCAD700190BFC /* RxCocoa */,
				24B2B66C2C6CCAD700190BFC /* RxSwift */,
				24B2B6832C6CD50F00190BFC /* Toast */,
				24B2B6962C6CE0CD00190BFC /* Moya */,
				24B2B6982C6CE0CD00190BFC /* ReactiveMoya */,
				24B2B69A2C6CE0CD00190BFC /* RxMoya */,
				24B2B6C72C6F138700190BFC /* Differentiator */,
				24B2B6C92C6F138700190BFC /* RxDataSources */,
				24AB4BE22C78B50B0030558A /* IQKeyboardManagerSwift */,
			);
			productName = SeoulCulturalEvents;
			productReference = 240E0A8E2C6C7E8B003A212B /* SeoulCulturalEvents.app */;
			productType = "com.apple.product-type.application";
		};
/* End PBXNativeTarget section */

/* Begin PBXProject section */
		240E0A862C6C7E8B003A212B /* Project object */ = {
			isa = PBXProject;
			attributes = {
				BuildIndependentTargetsInParallel = 1;
				LastSwiftUpdateCheck = 1540;
				LastUpgradeCheck = 1540;
				TargetAttributes = {
					240E0A8D2C6C7E8B003A212B = {
						CreatedOnToolsVersion = 15.4;
					};
				};
			};
			buildConfigurationList = 240E0A892C6C7E8B003A212B /* Build configuration list for PBXProject "SeoulCulturalEvents" */;
			compatibilityVersion = "Xcode 14.0";
			developmentRegion = en;
			hasScannedForEncodings = 0;
			knownRegions = (
				en,
				Base,
			);
			mainGroup = 240E0A852C6C7E8B003A212B;
			packageReferences = (
				24B2B6602C6CCAA900190BFC /* XCRemoteSwiftPackageReference "Kingfisher" */,
				24B2B6632C6CCAB200190BFC /* XCRemoteSwiftPackageReference "Then" */,
				24B2B6662C6CCABE00190BFC /* XCRemoteSwiftPackageReference "SnapKit" */,
				24B2B6692C6CCAD700190BFC /* XCRemoteSwiftPackageReference "RxSwift" */,
				24B2B6822C6CD50F00190BFC /* XCRemoteSwiftPackageReference "Toast-Swift" */,
				24B2B6952C6CE0CD00190BFC /* XCRemoteSwiftPackageReference "Moya" */,
				24B2B6C62C6F138700190BFC /* XCRemoteSwiftPackageReference "RxDataSources" */,
				24AB4BE12C78B50B0030558A /* XCRemoteSwiftPackageReference "IQKeyboardManager" */,
			);
			productRefGroup = 240E0A8F2C6C7E8B003A212B /* Products */;
			projectDirPath = "";
			projectRoot = "";
			targets = (
				240E0A8D2C6C7E8B003A212B /* SeoulCulturalEvents */,
			);
		};
/* End PBXProject section */

/* Begin PBXResourcesBuildPhase section */
		240E0A8C2C6C7E8B003A212B /* Resources */ = {
			isa = PBXResourcesBuildPhase;
			buildActionMask = 2147483647;
			files = (
				240E0AA62C6C7F69003A212B /* .gitignore in Resources */,
				240E0A9B2C6C7E8C003A212B /* Assets.xcassets in Resources */,
				240E0A9E2C6C7E8C003A212B /* Base in Resources */,
			);
			runOnlyForDeploymentPostprocessing = 0;
		};
/* End PBXResourcesBuildPhase section */

/* Begin PBXSourcesBuildPhase section */
		240E0A8A2C6C7E8B003A212B /* Sources */ = {
			isa = PBXSourcesBuildPhase;
			buildActionMask = 2147483647;
			files = (
				24AB4BD02C77540C0030558A /* DetailPostViewModel.swift in Sources */,
				24B2B65D2C6CCA5700190BFC /* SignInViewController.swift in Sources */,
				24B2B6AD2C6DBF1D00190BFC /* SignInQuery.swift in Sources */,
				24B2B6562C6CB05700190BFC /* Date+.swift in Sources */,
				24AB4BC42C7724FA0030558A /* BaseView.swift in Sources */,
				24B2B67F2C6CD21B00190BFC /* Color.swift in Sources */,
				24B3C0D52C721E6E0008B597 /* CulturalEventTableViewCell.swift in Sources */,
				245D38592C75A7CA006E282D /* BaseCollectionViewCell.swift in Sources */,
				240784D82C7AF14B00E06A5E /* CommentViewController.swift in Sources */,
				24B3C0EC2C73659E0008B597 /* CommentModel.swift in Sources */,
				24B2B6892C6CD6FA00190BFC /* BaseViewController.swift in Sources */,
				245D38642C75E079006E282D /* SearchResultViewModel.swift in Sources */,
				24B2B65A2C6CC5C500190BFC /* Formatter.swift in Sources */,
				24B2B69D2C6CE67F00190BFC /* CultureRouter.swift in Sources */,
				240784DF2C7B03B300E06A5E /* CommentQuery.swift in Sources */,
				24B2B6412C6C951C00190BFC /* SearchViewController.swift in Sources */,
				24B2B6752C6CCF0A00190BFC /* PointButton.swift in Sources */,
				24B2B6C12C6F0F9100190BFC /* ProfileTableViewCell.swift in Sources */,
				240E0A962C6C7E8B003A212B /* TodayViewController.swift in Sources */,
				240E0A922C6C7E8B003A212B /* AppDelegate.swift in Sources */,
				240E0AA82C6C7F83003A212B /* APIInfo.swift in Sources */,
				240784F52C7CB61200E06A5E /* LikePostViewController.swift in Sources */,
				24AB4BCA2C7751D20030558A /* KFParameter.swift in Sources */,
				24AB4BD42C7762DF0030558A /* PostCollectionViewCell.swift in Sources */,
				245D38672C7601EF006E282D /* CultureParameter.swift in Sources */,
				24B2B64A2C6CA08200190BFC /* CultureResponse.swift in Sources */,
				24AB4BD22C775D460030558A /* ImageCollectionViewCell.swift in Sources */,
				24B2B6BD2C6EFBF900190BFC /* Image.swift in Sources */,
				24B2B6732C6CCEF700190BFC /* SignTextField.swift in Sources */,
				245D38552C75A3B4006E282D /* SearchViewModel.swift in Sources */,
				24B2B64E2C6CA0D500190BFC /* CultureAPIManager.swift in Sources */,
				240784EA2C7C72CA00E06A5E /* LikeEventViewController.swift in Sources */,
				24B2B6B72C6EF43200190BFC /* ProfileModel.swift in Sources */,
				24B3C0F32C74895C0008B597 /* ProductID.swift in Sources */,
				24AB4BDB2C7873480030558A /* WriteViewModel.swift in Sources */,
				24AB4BC62C7734890030558A /* PostImageModel.swift in Sources */,
				240784F12C7C989F00E06A5E /* UserPostViewController.swift in Sources */,
				24B2B65F2C6CCA7000190BFC /* SignUpViewController.swift in Sources */,
				240784F32C7C98A700E06A5E /* UserPostViewModel.swift in Sources */,
				24B2B67D2C6CD17C00190BFC /* Font.swift in Sources */,
				24AB4BD62C7854750030558A /* LikeModel.swift in Sources */,
				24AB4BD92C78732F0030558A /* WriteViewController.swift in Sources */,
				24B3C0EE2C744E000008B597 /* ReservationViewController.swift in Sources */,
				24B3C0E82C73649F0008B597 /* PostModel.swift in Sources */,
				24B2B6CC2C6F25AC00190BFC /* EditProfileViewController.swift in Sources */,
				240784F72C7CB64000E06A5E /* LikePostViewModel.swift in Sources */,
				24B2B68E2C6CDD7100190BFC /* LSLPAPIManager.swift in Sources */,
				245D38622C75E061006E282D /* SearchResultViewController.swift in Sources */,
				24B3C0F72C74B5AB0008B597 /* PostFetchQuery.swift in Sources */,
				24B2B6432C6C956700190BFC /* PostViewController.swift in Sources */,
				24B3C0EA2C7365920008B597 /* UserModel.swift in Sources */,
				24B2B6B12C6E14B100190BFC /* SignUpModel.swift in Sources */,
				24B2B6B52C6EF33600190BFC /* EditProfileQuery.swift in Sources */,
				24B3C0F52C748A100008B597 /* LSLPError.swift in Sources */,
				24AB4BCE2C7753F50030558A /* DetailPostViewController.swift in Sources */,
				24B3C0D72C7224520008B597 /* TodayViewModel.swift in Sources */,
				240784DD2C7AFE5300E06A5E /* CommentTableViewCell.swift in Sources */,
				24B3C0E62C7361A90008B597 /* PostQuery.swift in Sources */,
				24B2B63F2C6C948100190BFC /* TabBarController.swift in Sources */,
				24B2B6C32C6F0F9F00190BFC /* ReuseIdentifierProtocol.swift in Sources */,
				24B2B6782C6CCFDF00190BFC /* SignInViewModel.swift in Sources */,
				24AB4BE72C78C4610030558A /* Typealias.swift in Sources */,
				24B2B6452C6C957300190BFC /* ProfileViewController.swift in Sources */,
				240784DB2C7AF16C00E06A5E /* CommentViewModel.swift in Sources */,
				24B2B67A2C6CD01E00190BFC /* ViewModelType.swift in Sources */,
				24B2B6AF2C6E130600190BFC /* SignUpQuery.swift in Sources */,
				24B3C0E42C7327460008B597 /* CulturalEventViewModel.swift in Sources */,
				24B2B6CE2C6F25F600190BFC /* EditProfileViewModel.swift in Sources */,
				24AB4BC82C7738690030558A /* PostViewModel.swift in Sources */,
				24B2B6D12C6F2C2000190BFC /* Reactive+.swift in Sources */,
				245D385B2C75B954006E282D /* UICollectionViewLayout+.swift in Sources */,
				245D385D2C75BA25006E282D /* CategoryCollectionViewCell.swift in Sources */,
				24B3C0F12C744E2F0008B597 /* ReservationViewModel.swift in Sources */,
				24B2B6582C6CB05B00190BFC /* String+.swift in Sources */,
				245D385F2C75D7FB006E282D /* SearchCollectionHeaderView.swift in Sources */,
				24B2B6A82C6DBF0300190BFC /* SignInModel.swift in Sources */,
				245D386C2C76223C006E282D /* MapViewController.swift in Sources */,
				24AB4BC22C7724C70030558A /* UserInfoView.swift in Sources */,
				24B2B6B32C6EEB9200190BFC /* RefreshModel.swift in Sources */,
				24B2B6C52C6F107000190BFC /* BaseTableViewCell.swift in Sources */,
				24B2B6BB2C6EFB4500190BFC /* ProfileImageView.swift in Sources */,
				240784EC2C7C72E300E06A5E /* LikeEventViewModel.swift in Sources */,
				247A60092C79D01500906909 /* ProfileView.swift in Sources */,
				24B2B6B92C6EF6B700190BFC /* ProfileViewModel.swift in Sources */,
				24B2B6A22C6CEA5C00190BFC /* UserDefaultsManager.swift in Sources */,
				240784E72C7C4DCB00E06A5E /* SearchCollectionViewCell.swift in Sources */,
				24B2B6A52C6CEB9F00190BFC /* LSLPHeader.swift in Sources */,
				24B3C0E22C7327280008B597 /* CulturalEventViewController.swift in Sources */,
				24B2B6862C6CD60000190BFC /* SignUpViewModel.swift in Sources */,
				240E0A942C6C7E8B003A212B /* SceneDelegate.swift in Sources */,
				24B2B6922C6CDDC800190BFC /* LSLPRouter.swift in Sources */,
			);
			runOnlyForDeploymentPostprocessing = 0;
		};
/* End PBXSourcesBuildPhase section */

/* Begin PBXVariantGroup section */
		240E0A9C2C6C7E8C003A212B /* LaunchScreen.storyboard */ = {
			isa = PBXVariantGroup;
			children = (
				240E0A9D2C6C7E8C003A212B /* Base */,
			);
			name = LaunchScreen.storyboard;
			sourceTree = "<group>";
		};
/* End PBXVariantGroup section */

/* Begin XCBuildConfiguration section */
		240E0AA02C6C7E8C003A212B /* Debug */ = {
			isa = XCBuildConfiguration;
			buildSettings = {
				ALWAYS_SEARCH_USER_PATHS = NO;
				ASSETCATALOG_COMPILER_GENERATE_SWIFT_ASSET_SYMBOL_EXTENSIONS = YES;
				CLANG_ANALYZER_NONNULL = YES;
				CLANG_ANALYZER_NUMBER_OBJECT_CONVERSION = YES_AGGRESSIVE;
				CLANG_CXX_LANGUAGE_STANDARD = "gnu++20";
				CLANG_ENABLE_MODULES = YES;
				CLANG_ENABLE_OBJC_ARC = YES;
				CLANG_ENABLE_OBJC_WEAK = YES;
				CLANG_WARN_BLOCK_CAPTURE_AUTORELEASING = YES;
				CLANG_WARN_BOOL_CONVERSION = YES;
				CLANG_WARN_COMMA = YES;
				CLANG_WARN_CONSTANT_CONVERSION = YES;
				CLANG_WARN_DEPRECATED_OBJC_IMPLEMENTATIONS = YES;
				CLANG_WARN_DIRECT_OBJC_ISA_USAGE = YES_ERROR;
				CLANG_WARN_DOCUMENTATION_COMMENTS = YES;
				CLANG_WARN_EMPTY_BODY = YES;
				CLANG_WARN_ENUM_CONVERSION = YES;
				CLANG_WARN_INFINITE_RECURSION = YES;
				CLANG_WARN_INT_CONVERSION = YES;
				CLANG_WARN_NON_LITERAL_NULL_CONVERSION = YES;
				CLANG_WARN_OBJC_IMPLICIT_RETAIN_SELF = YES;
				CLANG_WARN_OBJC_LITERAL_CONVERSION = YES;
				CLANG_WARN_OBJC_ROOT_CLASS = YES_ERROR;
				CLANG_WARN_QUOTED_INCLUDE_IN_FRAMEWORK_HEADER = YES;
				CLANG_WARN_RANGE_LOOP_ANALYSIS = YES;
				CLANG_WARN_STRICT_PROTOTYPES = YES;
				CLANG_WARN_SUSPICIOUS_MOVE = YES;
				CLANG_WARN_UNGUARDED_AVAILABILITY = YES_AGGRESSIVE;
				CLANG_WARN_UNREACHABLE_CODE = YES;
				CLANG_WARN__DUPLICATE_METHOD_MATCH = YES;
				COPY_PHASE_STRIP = NO;
				DEBUG_INFORMATION_FORMAT = dwarf;
				ENABLE_STRICT_OBJC_MSGSEND = YES;
				ENABLE_TESTABILITY = YES;
				ENABLE_USER_SCRIPT_SANDBOXING = YES;
				GCC_C_LANGUAGE_STANDARD = gnu17;
				GCC_DYNAMIC_NO_PIC = NO;
				GCC_NO_COMMON_BLOCKS = YES;
				GCC_OPTIMIZATION_LEVEL = 0;
				GCC_PREPROCESSOR_DEFINITIONS = (
					"DEBUG=1",
					"$(inherited)",
				);
				GCC_WARN_64_TO_32_BIT_CONVERSION = YES;
				GCC_WARN_ABOUT_RETURN_TYPE = YES_ERROR;
				GCC_WARN_UNDECLARED_SELECTOR = YES;
				GCC_WARN_UNINITIALIZED_AUTOS = YES_AGGRESSIVE;
				GCC_WARN_UNUSED_FUNCTION = YES;
				GCC_WARN_UNUSED_VARIABLE = YES;
				IPHONEOS_DEPLOYMENT_TARGET = 17.5;
				LOCALIZATION_PREFERS_STRING_CATALOGS = YES;
				MTL_ENABLE_DEBUG_INFO = INCLUDE_SOURCE;
				MTL_FAST_MATH = YES;
				ONLY_ACTIVE_ARCH = YES;
				SDKROOT = iphoneos;
				SWIFT_ACTIVE_COMPILATION_CONDITIONS = "DEBUG $(inherited)";
				SWIFT_OPTIMIZATION_LEVEL = "-Onone";
			};
			name = Debug;
		};
		240E0AA12C6C7E8C003A212B /* Release */ = {
			isa = XCBuildConfiguration;
			buildSettings = {
				ALWAYS_SEARCH_USER_PATHS = NO;
				ASSETCATALOG_COMPILER_GENERATE_SWIFT_ASSET_SYMBOL_EXTENSIONS = YES;
				CLANG_ANALYZER_NONNULL = YES;
				CLANG_ANALYZER_NUMBER_OBJECT_CONVERSION = YES_AGGRESSIVE;
				CLANG_CXX_LANGUAGE_STANDARD = "gnu++20";
				CLANG_ENABLE_MODULES = YES;
				CLANG_ENABLE_OBJC_ARC = YES;
				CLANG_ENABLE_OBJC_WEAK = YES;
				CLANG_WARN_BLOCK_CAPTURE_AUTORELEASING = YES;
				CLANG_WARN_BOOL_CONVERSION = YES;
				CLANG_WARN_COMMA = YES;
				CLANG_WARN_CONSTANT_CONVERSION = YES;
				CLANG_WARN_DEPRECATED_OBJC_IMPLEMENTATIONS = YES;
				CLANG_WARN_DIRECT_OBJC_ISA_USAGE = YES_ERROR;
				CLANG_WARN_DOCUMENTATION_COMMENTS = YES;
				CLANG_WARN_EMPTY_BODY = YES;
				CLANG_WARN_ENUM_CONVERSION = YES;
				CLANG_WARN_INFINITE_RECURSION = YES;
				CLANG_WARN_INT_CONVERSION = YES;
				CLANG_WARN_NON_LITERAL_NULL_CONVERSION = YES;
				CLANG_WARN_OBJC_IMPLICIT_RETAIN_SELF = YES;
				CLANG_WARN_OBJC_LITERAL_CONVERSION = YES;
				CLANG_WARN_OBJC_ROOT_CLASS = YES_ERROR;
				CLANG_WARN_QUOTED_INCLUDE_IN_FRAMEWORK_HEADER = YES;
				CLANG_WARN_RANGE_LOOP_ANALYSIS = YES;
				CLANG_WARN_STRICT_PROTOTYPES = YES;
				CLANG_WARN_SUSPICIOUS_MOVE = YES;
				CLANG_WARN_UNGUARDED_AVAILABILITY = YES_AGGRESSIVE;
				CLANG_WARN_UNREACHABLE_CODE = YES;
				CLANG_WARN__DUPLICATE_METHOD_MATCH = YES;
				COPY_PHASE_STRIP = NO;
				DEBUG_INFORMATION_FORMAT = "dwarf-with-dsym";
				ENABLE_NS_ASSERTIONS = NO;
				ENABLE_STRICT_OBJC_MSGSEND = YES;
				ENABLE_USER_SCRIPT_SANDBOXING = YES;
				GCC_C_LANGUAGE_STANDARD = gnu17;
				GCC_NO_COMMON_BLOCKS = YES;
				GCC_WARN_64_TO_32_BIT_CONVERSION = YES;
				GCC_WARN_ABOUT_RETURN_TYPE = YES_ERROR;
				GCC_WARN_UNDECLARED_SELECTOR = YES;
				GCC_WARN_UNINITIALIZED_AUTOS = YES_AGGRESSIVE;
				GCC_WARN_UNUSED_FUNCTION = YES;
				GCC_WARN_UNUSED_VARIABLE = YES;
				IPHONEOS_DEPLOYMENT_TARGET = 17.5;
				LOCALIZATION_PREFERS_STRING_CATALOGS = YES;
				MTL_ENABLE_DEBUG_INFO = NO;
				MTL_FAST_MATH = YES;
				SDKROOT = iphoneos;
				SWIFT_COMPILATION_MODE = wholemodule;
				VALIDATE_PRODUCT = YES;
			};
			name = Release;
		};
		240E0AA32C6C7E8C003A212B /* Debug */ = {
			isa = XCBuildConfiguration;
			buildSettings = {
				ASSETCATALOG_COMPILER_APPICON_NAME = AppIcon;
				ASSETCATALOG_COMPILER_GLOBAL_ACCENT_COLOR_NAME = AccentColor;
				CODE_SIGN_STYLE = Automatic;
				CURRENT_PROJECT_VERSION = 1;
				DEVELOPMENT_TEAM = Z6H2JVV9PA;
				GENERATE_INFOPLIST_FILE = YES;
				INFOPLIST_FILE = SeoulCulturalEvents/Info.plist;
				INFOPLIST_KEY_CFBundleDisplayName = "서울문화행사";
				INFOPLIST_KEY_UIApplicationSupportsIndirectInputEvents = YES;
				INFOPLIST_KEY_UILaunchStoryboardName = LaunchScreen;
				INFOPLIST_KEY_UISupportedInterfaceOrientations = UIInterfaceOrientationPortrait;
				INFOPLIST_KEY_UISupportedInterfaceOrientations_iPad = UIInterfaceOrientationPortrait;
				IPHONEOS_DEPLOYMENT_TARGET = 15.0;
				LD_RUNPATH_SEARCH_PATHS = (
					"$(inherited)",
					"@executable_path/Frameworks",
				);
				MARKETING_VERSION = 1.0;
				PRODUCT_BUNDLE_IDENTIFIER = com.ksm.SeoulCulturalEvents;
				PRODUCT_NAME = "$(TARGET_NAME)";
				SUPPORTED_PLATFORMS = "iphoneos iphonesimulator";
				SUPPORTS_MACCATALYST = NO;
				SUPPORTS_MAC_DESIGNED_FOR_IPHONE_IPAD = NO;
				SUPPORTS_XR_DESIGNED_FOR_IPHONE_IPAD = NO;
				SWIFT_EMIT_LOC_STRINGS = YES;
				SWIFT_VERSION = 5.0;
				TARGETED_DEVICE_FAMILY = 1;
			};
			name = Debug;
		};
		240E0AA42C6C7E8C003A212B /* Release */ = {
			isa = XCBuildConfiguration;
			buildSettings = {
				ASSETCATALOG_COMPILER_APPICON_NAME = AppIcon;
				ASSETCATALOG_COMPILER_GLOBAL_ACCENT_COLOR_NAME = AccentColor;
				CODE_SIGN_STYLE = Automatic;
				CURRENT_PROJECT_VERSION = 1;
				DEVELOPMENT_TEAM = Z6H2JVV9PA;
				GENERATE_INFOPLIST_FILE = YES;
				INFOPLIST_FILE = SeoulCulturalEvents/Info.plist;
				INFOPLIST_KEY_CFBundleDisplayName = "서울문화행사";
				INFOPLIST_KEY_UIApplicationSupportsIndirectInputEvents = YES;
				INFOPLIST_KEY_UILaunchStoryboardName = LaunchScreen;
				INFOPLIST_KEY_UISupportedInterfaceOrientations = UIInterfaceOrientationPortrait;
				INFOPLIST_KEY_UISupportedInterfaceOrientations_iPad = UIInterfaceOrientationPortrait;
				IPHONEOS_DEPLOYMENT_TARGET = 15.0;
				LD_RUNPATH_SEARCH_PATHS = (
					"$(inherited)",
					"@executable_path/Frameworks",
				);
				MARKETING_VERSION = 1.0;
				PRODUCT_BUNDLE_IDENTIFIER = com.ksm.SeoulCulturalEvents;
				PRODUCT_NAME = "$(TARGET_NAME)";
				SUPPORTED_PLATFORMS = "iphoneos iphonesimulator";
				SUPPORTS_MACCATALYST = NO;
				SUPPORTS_MAC_DESIGNED_FOR_IPHONE_IPAD = NO;
				SUPPORTS_XR_DESIGNED_FOR_IPHONE_IPAD = NO;
				SWIFT_EMIT_LOC_STRINGS = YES;
				SWIFT_VERSION = 5.0;
				TARGETED_DEVICE_FAMILY = 1;
			};
			name = Release;
		};
/* End XCBuildConfiguration section */

/* Begin XCConfigurationList section */
		240E0A892C6C7E8B003A212B /* Build configuration list for PBXProject "SeoulCulturalEvents" */ = {
			isa = XCConfigurationList;
			buildConfigurations = (
				240E0AA02C6C7E8C003A212B /* Debug */,
				240E0AA12C6C7E8C003A212B /* Release */,
			);
			defaultConfigurationIsVisible = 0;
			defaultConfigurationName = Release;
		};
		240E0AA22C6C7E8C003A212B /* Build configuration list for PBXNativeTarget "SeoulCulturalEvents" */ = {
			isa = XCConfigurationList;
			buildConfigurations = (
				240E0AA32C6C7E8C003A212B /* Debug */,
				240E0AA42C6C7E8C003A212B /* Release */,
			);
			defaultConfigurationIsVisible = 0;
			defaultConfigurationName = Release;
		};
/* End XCConfigurationList section */

/* Begin XCRemoteSwiftPackageReference section */
		24AB4BE12C78B50B0030558A /* XCRemoteSwiftPackageReference "IQKeyboardManager" */ = {
			isa = XCRemoteSwiftPackageReference;
			repositoryURL = "https://github.com/hackiftekhar/IQKeyboardManager.git";
			requirement = {
				kind = upToNextMajorVersion;
				minimumVersion = 7.1.1;
			};
		};
		24B2B6602C6CCAA900190BFC /* XCRemoteSwiftPackageReference "Kingfisher" */ = {
			isa = XCRemoteSwiftPackageReference;
			repositoryURL = "https://github.com/onevcat/Kingfisher";
			requirement = {
				kind = upToNextMajorVersion;
				minimumVersion = 7.12.0;
			};
		};
		24B2B6632C6CCAB200190BFC /* XCRemoteSwiftPackageReference "Then" */ = {
			isa = XCRemoteSwiftPackageReference;
			repositoryURL = "https://github.com/devxoul/Then.git";
			requirement = {
				kind = upToNextMajorVersion;
				minimumVersion = 3.0.0;
			};
		};
		24B2B6662C6CCABE00190BFC /* XCRemoteSwiftPackageReference "SnapKit" */ = {
			isa = XCRemoteSwiftPackageReference;
			repositoryURL = "https://github.com/SnapKit/SnapKit";
			requirement = {
				kind = upToNextMajorVersion;
				minimumVersion = 5.7.1;
			};
		};
		24B2B6692C6CCAD700190BFC /* XCRemoteSwiftPackageReference "RxSwift" */ = {
			isa = XCRemoteSwiftPackageReference;
			repositoryURL = "https://github.com/ReactiveX/RxSwift.git";
			requirement = {
				kind = upToNextMajorVersion;
				minimumVersion = 6.7.1;
			};
		};
		24B2B6822C6CD50F00190BFC /* XCRemoteSwiftPackageReference "Toast-Swift" */ = {
			isa = XCRemoteSwiftPackageReference;
			repositoryURL = "https://github.com/scalessec/Toast-Swift";
			requirement = {
				kind = upToNextMajorVersion;
				minimumVersion = 5.1.1;
			};
		};
		24B2B6952C6CE0CD00190BFC /* XCRemoteSwiftPackageReference "Moya" */ = {
			isa = XCRemoteSwiftPackageReference;
			repositoryURL = "https://github.com/Moya/Moya.git";
			requirement = {
				kind = upToNextMajorVersion;
				minimumVersion = 15.0.3;
			};
		};
		24B2B6C62C6F138700190BFC /* XCRemoteSwiftPackageReference "RxDataSources" */ = {
			isa = XCRemoteSwiftPackageReference;
			repositoryURL = "https://github.com/RxSwiftCommunity/RxDataSources.git";
			requirement = {
				kind = upToNextMajorVersion;
				minimumVersion = 5.0.2;
			};
		};
/* End XCRemoteSwiftPackageReference section */

/* Begin XCSwiftPackageProductDependency section */
		24AB4BE22C78B50B0030558A /* IQKeyboardManagerSwift */ = {
			isa = XCSwiftPackageProductDependency;
			package = 24AB4BE12C78B50B0030558A /* XCRemoteSwiftPackageReference "IQKeyboardManager" */;
			productName = IQKeyboardManagerSwift;
		};
		24B2B6612C6CCAA900190BFC /* Kingfisher */ = {
			isa = XCSwiftPackageProductDependency;
			package = 24B2B6602C6CCAA900190BFC /* XCRemoteSwiftPackageReference "Kingfisher" */;
			productName = Kingfisher;
		};
		24B2B6642C6CCAB200190BFC /* Then */ = {
			isa = XCSwiftPackageProductDependency;
			package = 24B2B6632C6CCAB200190BFC /* XCRemoteSwiftPackageReference "Then" */;
			productName = Then;
		};
		24B2B6672C6CCABE00190BFC /* SnapKit */ = {
			isa = XCSwiftPackageProductDependency;
			package = 24B2B6662C6CCABE00190BFC /* XCRemoteSwiftPackageReference "SnapKit" */;
			productName = SnapKit;
		};
		24B2B66A2C6CCAD700190BFC /* RxCocoa */ = {
			isa = XCSwiftPackageProductDependency;
			package = 24B2B6692C6CCAD700190BFC /* XCRemoteSwiftPackageReference "RxSwift" */;
			productName = RxCocoa;
		};
		24B2B66C2C6CCAD700190BFC /* RxSwift */ = {
			isa = XCSwiftPackageProductDependency;
			package = 24B2B6692C6CCAD700190BFC /* XCRemoteSwiftPackageReference "RxSwift" */;
			productName = RxSwift;
		};
		24B2B6832C6CD50F00190BFC /* Toast */ = {
			isa = XCSwiftPackageProductDependency;
			package = 24B2B6822C6CD50F00190BFC /* XCRemoteSwiftPackageReference "Toast-Swift" */;
			productName = Toast;
		};
		24B2B6962C6CE0CD00190BFC /* Moya */ = {
			isa = XCSwiftPackageProductDependency;
			package = 24B2B6952C6CE0CD00190BFC /* XCRemoteSwiftPackageReference "Moya" */;
			productName = Moya;
		};
		24B2B6982C6CE0CD00190BFC /* ReactiveMoya */ = {
			isa = XCSwiftPackageProductDependency;
			package = 24B2B6952C6CE0CD00190BFC /* XCRemoteSwiftPackageReference "Moya" */;
			productName = ReactiveMoya;
		};
		24B2B69A2C6CE0CD00190BFC /* RxMoya */ = {
			isa = XCSwiftPackageProductDependency;
			package = 24B2B6952C6CE0CD00190BFC /* XCRemoteSwiftPackageReference "Moya" */;
			productName = RxMoya;
		};
		24B2B6C72C6F138700190BFC /* Differentiator */ = {
			isa = XCSwiftPackageProductDependency;
			package = 24B2B6C62C6F138700190BFC /* XCRemoteSwiftPackageReference "RxDataSources" */;
			productName = Differentiator;
		};
		24B2B6C92C6F138700190BFC /* RxDataSources */ = {
			isa = XCSwiftPackageProductDependency;
			package = 24B2B6C62C6F138700190BFC /* XCRemoteSwiftPackageReference "RxDataSources" */;
			productName = RxDataSources;
		};
/* End XCSwiftPackageProductDependency section */
	};
	rootObject = 240E0A862C6C7E8B003A212B /* Project object */;
}
